
Microsoft Visual Studio Solution File, Format Version 12.00
# Visual Studio 15
VisualStudioVersion = 15.0.27428.2037
MinimumVisualStudioVersion = 10.0.40219.1
Project("{FAE04EC0-301F-11D3-BF4B-00C04F79EFBC}") = "HidSharp", "HidSharp\HidSharp.NETStandard.csproj", "{0DB86674-2A7B-4BDC-93C1-3F7DC771426C}"
EndProject
Project("{FAE04EC0-301F-11D3-BF4B-00C04F79EFBC}") = "HidSharp.Test", "HidSharp.Test\HidSharp.Test.NETStandard.csproj", "{5E83ACC1-19FA-4996-BBAE-BF7DB4604812}"
EndProject
Global
	GlobalSection(SolutionConfigurationPlatforms) = preSolution
		Debug|Any CPU = Debug|Any CPU
		Release|Any CPU = Release|Any CPU
	EndGlobalSection
	GlobalSection(ProjectConfigurationPlatforms) = postSolution
		{0DB86674-2A7B-4BDC-93C1-3F7DC771426C}.Debug|Any CPU.ActiveCfg = Debug|Any CPU
		{0DB86674-2A7B-4BDC-93C1-3F7DC771426C}.Debug|Any CPU.Build.0 = Debug|Any CPU
		{0DB86674-2A7B-4BDC-93C1-3F7DC771426C}.Release|Any CPU.ActiveCfg = Release|Any CPU
		{0DB86674-2A7B-4BDC-93C1-3F7DC771426C}.Release|Any CPU.Build.0 = Release|Any CPU
		{5E83ACC1-19FA-4996-BBAE-BF7DB4604812}.Debug|Any CPU.ActiveCfg = Debug|Any CPU
		{5E83ACC1-19FA-4996-BBAE-BF7DB4604812}.Debug|Any CPU.Build.0 = Debug|Any CPU
		{5E83ACC1-19FA-4996-BBAE-BF7DB4604812}.Release|Any CPU.ActiveCfg = Release|Any CPU
		{5E83ACC1-19FA-4996-BBAE-BF7DB4604812}.Release|Any CPU.Build.0 = Release|Any CPU
	EndGlobalSection
	GlobalSection(SolutionProperties) = preSolution
		HideSolutionNode = FALSE
	EndGlobalSection
EndGlobal
