
Microsoft Visual Studio Solution File, Format Version 11.00
# Visual Studio 2010
Project("{FAE04EC0-301F-11D3-BF4B-00C04F79EFBC}") = "HidSharp", "HidSharp\HidSharp.csproj", "{0DB86674-2A7B-4BDC-93C1-3F7DC771426C}"
EndProject
Project("{FAE04EC0-301F-11D3-BF4B-00C04F79EFBC}") = "HidSharp.Test", "HidSharp.Test\HidSharp.Test.csproj", "{5E83ACC1-19FA-4996-BBAE-BF7DB4604812}"
EndProject
Global
	GlobalSection(SolutionConfigurationPlatforms) = preSolution
		Debug|Any CPU = Debug|Any CPU
		Debug|Mixed Platforms = Debug|Mixed Platforms
		Debug|x86 = Debug|x86
		Release|Any CPU = Release|Any CPU
		Release|Mixed Platforms = Release|Mixed Platforms
		Release|x86 = Release|x86
	EndGlobalSection
	GlobalSection(ProjectConfigurationPlatforms) = postSolution
		{0DB86674-2A7B-4BDC-93C1-3F7DC771426C}.Debug|Any CPU.ActiveCfg = Debug|Any CPU
		{0DB86674-2A7B-4BDC-93C1-3F7DC771426C}.Debug|Any CPU.Build.0 = Debug|Any CPU
		{0DB86674-2A7B-4BDC-93C1-3F7DC771426C}.Debug|Mixed Platforms.ActiveCfg = Debug|Any CPU
		{0DB86674-2A7B-4BDC-93C1-3F7DC771426C}.Debug|Mixed Platforms.Build.0 = Debug|Any CPU
		{0DB86674-2A7B-4BDC-93C1-3F7DC771426C}.Debug|x86.ActiveCfg = Debug|Any CPU
		{0DB86674-2A7B-4BDC-93C1-3F7DC771426C}.Release|Any CPU.ActiveCfg = Release|Any CPU
		{0DB86674-2A7B-4BDC-93C1-3F7DC771426C}.Release|Any CPU.Build.0 = Release|Any CPU
		{0DB86674-2A7B-4BDC-93C1-3F7DC771426C}.Release|Mixed Platforms.ActiveCfg = Release|Any CPU
		{0DB86674-2A7B-4BDC-93C1-3F7DC771426C}.Release|Mixed Platforms.Build.0 = Release|Any CPU
		{0DB86674-2A7B-4BDC-93C1-3F7DC771426C}.Release|x86.ActiveCfg = Release|Any CPU
		{5E83ACC1-19FA-4996-BBAE-BF7DB4604812}.Debug|Any CPU.ActiveCfg = Debug|Any CPU
		{5E83ACC1-19FA-4996-BBAE-BF7DB4604812}.Debug|Any CPU.Build.0 = Debug|Any CPU
		{5E83ACC1-19FA-4996-BBAE-BF7DB4604812}.Debug|Mixed Platforms.ActiveCfg = Debug|Any CPU
		{5E83ACC1-19FA-4996-BBAE-BF7DB4604812}.Debug|Mixed Platforms.Build.0 = Debug|Any CPU
		{5E83ACC1-19FA-4996-BBAE-BF7DB4604812}.Debug|x86.ActiveCfg = Debug|Any CPU
		{5E83ACC1-19FA-4996-BBAE-BF7DB4604812}.Release|Any CPU.ActiveCfg = Release|Any CPU
		{5E83ACC1-19FA-4996-BBAE-BF7DB4604812}.Release|Any CPU.Build.0 = Release|Any CPU
		{5E83ACC1-19FA-4996-BBAE-BF7DB4604812}.Release|Mixed Platforms.ActiveCfg = Release|Any CPU
		{5E83ACC1-19FA-4996-BBAE-BF7DB4604812}.Release|Mixed Platforms.Build.0 = Release|Any CPU
		{5E83ACC1-19FA-4996-BBAE-BF7DB4604812}.Release|x86.ActiveCfg = Release|Any CPU
	EndGlobalSection
	GlobalSection(SolutionProperties) = preSolution
		HideSolutionNode = FALSE
	EndGlobalSection
	GlobalSection(MonoDevelopProperties) = preSolution
		StartupItem = HidSharp.Test\HidSharp.Test.csproj
	EndGlobalSection
EndGlobal
